<Solution>
   <Folder Name="/Sample/">
      <Project Path="samples/x86cc.KVBind.Sample.Api/x86cc.KVBind.Sample.Api.csproj" />
      <Project Path="samples/x86cc.KVBind.Sample.AppHost/x86cc.KVBind.Sample.AppHost.csproj" />
      <Project Path="samples/x86cc.KVBind.Sample.ServiceDefaults/x86cc.KVBind.Sample.ServiceDefaults.csproj" />
   </Folder>
   <Folder Name="/SolutionItems/">
      <File Path="AGENTS.md" />
      <File Path="README.md" />
   </Folder>
   <Project Path="x86cc.KVBind.Core/x86cc.KVBind.Core.csproj" />
    <Project Path="x86cc.KVBind.SourceGenerator/x86cc.KVBind.SourceGenerator.csproj" />
    <Project Path="x86cc.KVBind.UnitTests/x86cc.KVBind.UnitTests.csproj" />
</Solution>
